// !$*UTF8*$!
{
	archiveVersion = 1;
	classes = {
	};
	objectVersion = 50;
	objects = {

/* Begin PBXBuildFile section */
		0F1DC5CA2752C0C5102F6371 /* Pods_AuditApp.framework in Frameworks */ = {isa = PBXBuildFile; fileRef = 37EA81A8B9BC2D92FBA1769A /* Pods_AuditApp.framework */; };
		33784B7A256BFF370089F0FF /* SFProText-Regular.ttf in Resources */ = {isa = PBXBuildFile; fileRef = 33784B79256BFF370089F0FF /* SFProText-Regular.ttf */; };
		33784B7E256C032E0089F0FF /* ProductDetailsViewController.swift in Sources */ = {isa = PBXBuildFile; fileRef = 33784B7D256C032E0089F0FF /* ProductDetailsViewController.swift */; };
		33784B84256C08860089F0FF /* UIView+Extensions.swift in Sources */ = {isa = PBXBuildFile; fileRef = 33784B83256C08860089F0FF /* UIView+Extensions.swift */; };
		33784B88256C45D60089F0FF /* QualityChecklistViewController.swift in Sources */ = {isa = PBXBuildFile; fileRef = 33784B87256C45D60089F0FF /* QualityChecklistViewController.swift */; };
		33784B8C256C87270089F0FF /* AuditViewController.swift in Sources */ = {isa = PBXBuildFile; fileRef = 33784B8B256C87270089F0FF /* AuditViewController.swift */; };
		338670C5256DD38500B9F22A /* CustomAuditDetailsView.swift in Sources */ = {isa = PBXBuildFile; fileRef = 338670C4256DD38500B9F22A /* CustomAuditDetailsView.swift */; };
		338670CB256DD3CD00B9F22A /* CustomAuditDetailsView.xib in Resources */ = {isa = PBXBuildFile; fileRef = 338670CA256DD3CD00B9F22A /* CustomAuditDetailsView.xib */; };
		338670D1256DD70D00B9F22A /* BaseCustomView.swift in Sources */ = {isa = PBXBuildFile; fileRef = 338670D0256DD70D00B9F22A /* BaseCustomView.swift */; };
		338DB98A256E9F7A0031B5AC /* AuditListViewController.swift in Sources */ = {isa = PBXBuildFile; fileRef = 338DB989256E9F7A0031B5AC /* AuditListViewController.swift */; };
		338DB992256EA6A90031B5AC /* AuditItemTableViewCell.swift in Sources */ = {isa = PBXBuildFile; fileRef = 338DB991256EA6A90031B5AC /* AuditItemTableViewCell.swift */; };
		33CA9E41256B31FD0037B57A /* AppDelegate.swift in Sources */ = {isa = PBXBuildFile; fileRef = 33CA9E40256B31FD0037B57A /* AppDelegate.swift */; };
		33CA9E43256B31FD0037B57A /* SceneDelegate.swift in Sources */ = {isa = PBXBuildFile; fileRef = 33CA9E42256B31FD0037B57A /* SceneDelegate.swift */; };
		33CA9E48256B31FD0037B57A /* Main.storyboard in Resources */ = {isa = PBXBuildFile; fileRef = 33CA9E46256B31FD0037B57A /* Main.storyboard */; };
		33CA9E4A256B31FD0037B57A /* Assets.xcassets in Resources */ = {isa = PBXBuildFile; fileRef = 33CA9E49256B31FD0037B57A /* Assets.xcassets */; };
		33CA9E4D256B31FD0037B57A /* LaunchScreen.storyboard in Resources */ = {isa = PBXBuildFile; fileRef = 33CA9E4B256B31FD0037B57A /* LaunchScreen.storyboard */; };
		33CA9E58256B31FD0037B57A /* AuditAppTests.swift in Sources */ = {isa = PBXBuildFile; fileRef = 33CA9E57256B31FD0037B57A /* AuditAppTests.swift */; };
		33CA9E66256B35B40037B57A /* AuditGuideViewController.swift in Sources */ = {isa = PBXBuildFile; fileRef = 33CA9E65256B35B40037B57A /* AuditGuideViewController.swift */; };
		33CA9E68256B3D3C0037B57A /* AuditConstants.swift in Sources */ = {isa = PBXBuildFile; fileRef = 33CA9E67256B3D3C0037B57A /* AuditConstants.swift */; };
		33CA9E6B256B40550037B57A /* UIColor+Extensions.swift in Sources */ = {isa = PBXBuildFile; fileRef = 33CA9E6A256B40550037B57A /* UIColor+Extensions.swift */; };
		B0711193F148394468E8DC04 /* Pods_AuditAppTests.framework in Frameworks */ = {isa = PBXBuildFile; fileRef = E8F5F9FE56796E9F4F4A30A8 /* Pods_AuditAppTests.framework */; };
/* End PBXBuildFile section */

/* Begin PBXContainerItemProxy section */
		33CA9E54256B31FD0037B57A /* PBXContainerItemProxy */ = {
			isa = PBXContainerItemProxy;
			containerPortal = 33CA9E35256B31FD0037B57A /* Project object */;
			proxyType = 1;
			remoteGlobalIDString = 33CA9E3C256B31FD0037B57A;
			remoteInfo = AuditApp;
		};
/* End PBXContainerItemProxy section */

/* Begin PBXFileReference section */
		33784B79256BFF370089F0FF /* SFProText-Regular.ttf */ = {isa = PBXFileReference; lastKnownFileType = file; path = "SFProText-Regular.ttf"; sourceTree = "<group>"; };
		33784B7D256C032E0089F0FF /* ProductDetailsViewController.swift */ = {isa = PBXFileReference; lastKnownFileType = sourcecode.swift; path = ProductDetailsViewController.swift; sourceTree = "<group>"; };
		33784B83256C08860089F0FF /* UIView+Extensions.swift */ = {isa = PBXFileReference; lastKnownFileType = sourcecode.swift; path = "UIView+Extensions.swift"; sourceTree = "<group>"; };
		33784B87256C45D60089F0FF /* QualityChecklistViewController.swift */ = {isa = PBXFileReference; lastKnownFileType = sourcecode.swift; path = QualityChecklistViewController.swift; sourceTree = "<group>"; };
		33784B8B256C87270089F0FF /* AuditViewController.swift */ = {isa = PBXFileReference; lastKnownFileType = sourcecode.swift; path = AuditViewController.swift; sourceTree = "<group>"; };
		338670C4256DD38500B9F22A /* CustomAuditDetailsView.swift */ = {isa = PBXFileReference; lastKnownFileType = sourcecode.swift; path = CustomAuditDetailsView.swift; sourceTree = "<group>"; };
		338670CA256DD3CD00B9F22A /* CustomAuditDetailsView.xib */ = {isa = PBXFileReference; lastKnownFileType = file.xib; path = CustomAuditDetailsView.xib; sourceTree = "<group>"; };
		338670D0256DD70D00B9F22A /* BaseCustomView.swift */ = {isa = PBXFileReference; lastKnownFileType = sourcecode.swift; path = BaseCustomView.swift; sourceTree = "<group>"; };
		338DB989256E9F7A0031B5AC /* AuditListViewController.swift */ = {isa = PBXFileReference; lastKnownFileType = sourcecode.swift; path = AuditListViewController.swift; sourceTree = "<group>"; };
		338DB991256EA6A90031B5AC /* AuditItemTableViewCell.swift */ = {isa = PBXFileReference; lastKnownFileType = sourcecode.swift; path = AuditItemTableViewCell.swift; sourceTree = "<group>"; };
		33CA9E3D256B31FD0037B57A /* AuditApp.app */ = {isa = PBXFileReference; explicitFileType = wrapper.application; includeInIndex = 0; path = AuditApp.app; sourceTree = BUILT_PRODUCTS_DIR; };
		33CA9E40256B31FD0037B57A /* AppDelegate.swift */ = {isa = PBXFileReference; lastKnownFileType = sourcecode.swift; path = AppDelegate.swift; sourceTree = "<group>"; };
		33CA9E42256B31FD0037B57A /* SceneDelegate.swift */ = {isa = PBXFileReference; lastKnownFileType = sourcecode.swift; path = SceneDelegate.swift; sourceTree = "<group>"; };
		33CA9E47256B31FD0037B57A /* Base */ = {isa = PBXFileReference; lastKnownFileType = file.storyboard; name = Base; path = Base.lproj/Main.storyboard; sourceTree = "<group>"; };
		33CA9E49256B31FD0037B57A /* Assets.xcassets */ = {isa = PBXFileReference; lastKnownFileType = folder.assetcatalog; path = Assets.xcassets; sourceTree = "<group>"; };
		33CA9E4C256B31FD0037B57A /* Base */ = {isa = PBXFileReference; lastKnownFileType = file.storyboard; name = Base; path = Base.lproj/LaunchScreen.storyboard; sourceTree = "<group>"; };
		33CA9E4E256B31FD0037B57A /* Info.plist */ = {isa = PBXFileReference; lastKnownFileType = text.plist.xml; path = Info.plist; sourceTree = "<group>"; };
		33CA9E53256B31FD0037B57A /* AuditAppTests.xctest */ = {isa = PBXFileReference; explicitFileType = wrapper.cfbundle; includeInIndex = 0; path = AuditAppTests.xctest; sourceTree = BUILT_PRODUCTS_DIR; };
		33CA9E57256B31FD0037B57A /* AuditAppTests.swift */ = {isa = PBXFileReference; lastKnownFileType = sourcecode.swift; path = AuditAppTests.swift; sourceTree = "<group>"; };
		33CA9E59256B31FD0037B57A /* Info.plist */ = {isa = PBXFileReference; lastKnownFileType = text.plist.xml; path = Info.plist; sourceTree = "<group>"; };
		33CA9E65256B35B40037B57A /* AuditGuideViewController.swift */ = {isa = PBXFileReference; lastKnownFileType = sourcecode.swift; path = AuditGuideViewController.swift; sourceTree = "<group>"; };
		33CA9E67256B3D3C0037B57A /* AuditConstants.swift */ = {isa = PBXFileReference; lastKnownFileType = sourcecode.swift; path = AuditConstants.swift; sourceTree = "<group>"; };
		33CA9E6A256B40550037B57A /* UIColor+Extensions.swift */ = {isa = PBXFileReference; lastKnownFileType = sourcecode.swift; path = "UIColor+Extensions.swift"; sourceTree = "<group>"; };
		37EA81A8B9BC2D92FBA1769A /* Pods_AuditApp.framework */ = {isa = PBXFileReference; explicitFileType = wrapper.framework; includeInIndex = 0; path = Pods_AuditApp.framework; sourceTree = BUILT_PRODUCTS_DIR; };
		69D2D07506758877F2DA7AD7 /* Pods-AuditAppTests.release.xcconfig */ = {isa = PBXFileReference; includeInIndex = 1; lastKnownFileType = text.xcconfig; name = "Pods-AuditAppTests.release.xcconfig"; path = "Target Support Files/Pods-AuditAppTests/Pods-AuditAppTests.release.xcconfig"; sourceTree = "<group>"; };
		835819B8D3B58E69FD8B1FC1 /* Pods-AuditAppTests.debug.xcconfig */ = {isa = PBXFileReference; includeInIndex = 1; lastKnownFileType = text.xcconfig; name = "Pods-AuditAppTests.debug.xcconfig"; path = "Target Support Files/Pods-AuditAppTests/Pods-AuditAppTests.debug.xcconfig"; sourceTree = "<group>"; };
		B50519D7FC9C32A3DAD5B156 /* Pods-AuditApp.debug.xcconfig */ = {isa = PBXFileReference; includeInIndex = 1; lastKnownFileType = text.xcconfig; name = "Pods-AuditApp.debug.xcconfig"; path = "Target Support Files/Pods-AuditApp/Pods-AuditApp.debug.xcconfig"; sourceTree = "<group>"; };
		D9B38AFCFB64EC9333304829 /* Pods-AuditApp.release.xcconfig */ = {isa = PBXFileReference; includeInIndex = 1; lastKnownFileType = text.xcconfig; name = "Pods-AuditApp.release.xcconfig"; path = "Target Support Files/Pods-AuditApp/Pods-AuditApp.release.xcconfig"; sourceTree = "<group>"; };
		E8F5F9FE56796E9F4F4A30A8 /* Pods_AuditAppTests.framework */ = {isa = PBXFileReference; explicitFileType = wrapper.framework; includeInIndex = 0; path = Pods_AuditAppTests.framework; sourceTree = BUILT_PRODUCTS_DIR; };
/* End PBXFileReference section */

/* Begin PBXFrameworksBuildPhase section */
		33CA9E3A256B31FD0037B57A /* Frameworks */ = {
			isa = PBXFrameworksBuildPhase;
			buildActionMask = 2147483647;
			files = (
				0F1DC5CA2752C0C5102F6371 /* Pods_AuditApp.framework in Frameworks */,
			);
			runOnlyForDeploymentPostprocessing = 0;
		};
		33CA9E50256B31FD0037B57A /* Frameworks */ = {
			isa = PBXFrameworksBuildPhase;
			buildActionMask = 2147483647;
			files = (
				B0711193F148394468E8DC04 /* Pods_AuditAppTests.framework in Frameworks */,
			);
			runOnlyForDeploymentPostprocessing = 0;
		};
/* End PBXFrameworksBuildPhase section */

/* Begin PBXGroup section */
		338670C3256DD34D00B9F22A /* CustomedUI */ = {
			isa = PBXGroup;
			children = (
				338670C4256DD38500B9F22A /* CustomAuditDetailsView.swift */,
				338670CA256DD3CD00B9F22A /* CustomAuditDetailsView.xib */,
				338670D0256DD70D00B9F22A /* BaseCustomView.swift */,
			);
			path = CustomedUI;
			sourceTree = "<group>";
		};
		338DB98D256EA5A80031B5AC /* Main */ = {
			isa = PBXGroup;
			children = (
				338DB997256EA6C00031B5AC /* CheckList */,
				338DB98E256EA64F0031B5AC /* Audit */,
			);
			path = Main;
			sourceTree = "<group>";
		};
		338DB98E256EA64F0031B5AC /* Audit */ = {
			isa = PBXGroup;
			children = (
				33784B8B256C87270089F0FF /* AuditViewController.swift */,
				338DB989256E9F7A0031B5AC /* AuditListViewController.swift */,
				33CA9E65256B35B40037B57A /* AuditGuideViewController.swift */,
				338DB990256EA6660031B5AC /* Cells */,
			);
			path = Audit;
			sourceTree = "<group>";
		};
		338DB990256EA6660031B5AC /* Cells */ = {
			isa = PBXGroup;
			children = (
				338DB991256EA6A90031B5AC /* AuditItemTableViewCell.swift */,
			);
			path = Cells;
			sourceTree = "<group>";
		};
		338DB997256EA6C00031B5AC /* CheckList */ = {
			isa = PBXGroup;
			children = (
				33784B7D256C032E0089F0FF /* ProductDetailsViewController.swift */,
				33784B87256C45D60089F0FF /* QualityChecklistViewController.swift */,
			);
			path = CheckList;
			sourceTree = "<group>";
		};
		338DB998256EA7010031B5AC /* Authenticate */ = {
			isa = PBXGroup;
			children = (
			);
			path = Authenticate;
			sourceTree = "<group>";
		};
		338DB999256EA71C0031B5AC /* Models */ = {
			isa = PBXGroup;
			children = (
				33CA9E67256B3D3C0037B57A /* AuditConstants.swift */,
			);
			path = Models;
			sourceTree = "<group>";
		};
		33CA9E34256B31FD0037B57A = {
			isa = PBXGroup;
			children = (
				33CA9E3F256B31FD0037B57A /* AuditApp */,
				33CA9E56256B31FD0037B57A /* AuditAppTests */,
				33CA9E3E256B31FD0037B57A /* Products */,
				611409988755BE6DEEB04FD3 /* Pods */,
				4A7106A165FCA3B36A177165 /* Frameworks */,
			);
			sourceTree = "<group>";
		};
		33CA9E3E256B31FD0037B57A /* Products */ = {
			isa = PBXGroup;
			children = (
				33CA9E3D256B31FD0037B57A /* AuditApp.app */,
				33CA9E53256B31FD0037B57A /* AuditAppTests.xctest */,
			);
			name = Products;
			sourceTree = "<group>";
		};
		33CA9E3F256B31FD0037B57A /* AuditApp */ = {
			isa = PBXGroup;
			children = (
				338DB999256EA71C0031B5AC /* Models */,
				338670C3256DD34D00B9F22A /* CustomedUI */,
				33CA9E63256B35210037B57A /* Apps */,
				33CA9E64256B35340037B57A /* Resources */,
				33CA9E69256B403B0037B57A /* Extensions */,
				33CA9E62256B350E0037B57A /* ViewController */,
			);
			path = AuditApp;
			sourceTree = "<group>";
		};
		33CA9E56256B31FD0037B57A /* AuditAppTests */ = {
			isa = PBXGroup;
			children = (
				33CA9E57256B31FD0037B57A /* AuditAppTests.swift */,
				33CA9E59256B31FD0037B57A /* Info.plist */,
			);
			path = AuditAppTests;
			sourceTree = "<group>";
		};
		33CA9E62256B350E0037B57A /* ViewController */ = {
			isa = PBXGroup;
			children = (
				338DB998256EA7010031B5AC /* Authenticate */,
				338DB98D256EA5A80031B5AC /* Main */,
			);
			path = ViewController;
			sourceTree = "<group>";
		};
		33CA9E63256B35210037B57A /* Apps */ = {
			isa = PBXGroup;
			children = (
				33CA9E40256B31FD0037B57A /* AppDelegate.swift */,
				33CA9E42256B31FD0037B57A /* SceneDelegate.swift */,
				33CA9E4E256B31FD0037B57A /* Info.plist */,
			);
			path = Apps;
			sourceTree = "<group>";
		};
		33CA9E64256B35340037B57A /* Resources */ = {
			isa = PBXGroup;
			children = (
				33784B79256BFF370089F0FF /* SFProText-Regular.ttf */,
				33CA9E49256B31FD0037B57A /* Assets.xcassets */,
				33CA9E4B256B31FD0037B57A /* LaunchScreen.storyboard */,
				33CA9E46256B31FD0037B57A /* Main.storyboard */,
			);
			path = Resources;
			sourceTree = "<group>";
		};
		33CA9E69256B403B0037B57A /* Extensions */ = {
			isa = PBXGroup;
			children = (
				33CA9E6A256B40550037B57A /* UIColor+Extensions.swift */,
				33784B83256C08860089F0FF /* UIView+Extensions.swift */,
			);
			path = Extensions;
			sourceTree = "<group>";
		};
		4A7106A165FCA3B36A177165 /* Frameworks */ = {
			isa = PBXGroup;
			children = (
				37EA81A8B9BC2D92FBA1769A /* Pods_AuditApp.framework */,
				E8F5F9FE56796E9F4F4A30A8 /* Pods_AuditAppTests.framework */,
			);
			name = Frameworks;
			sourceTree = "<group>";
		};
		611409988755BE6DEEB04FD3 /* Pods */ = {
			isa = PBXGroup;
			children = (
				B50519D7FC9C32A3DAD5B156 /* Pods-AuditApp.debug.xcconfig */,
				D9B38AFCFB64EC9333304829 /* Pods-AuditApp.release.xcconfig */,
				835819B8D3B58E69FD8B1FC1 /* Pods-AuditAppTests.debug.xcconfig */,
				69D2D07506758877F2DA7AD7 /* Pods-AuditAppTests.release.xcconfig */,
			);
			path = Pods;
			sourceTree = "<group>";
		};
/* End PBXGroup section */

/* Begin PBXNativeTarget section */
		33CA9E3C256B31FD0037B57A /* AuditApp */ = {
			isa = PBXNativeTarget;
			buildConfigurationList = 33CA9E5C256B31FD0037B57A /* Build configuration list for PBXNativeTarget "AuditApp" */;
			buildPhases = (
				7814E420BB8FB5342D965B02 /* [CP] Check Pods Manifest.lock */,
				33CA9E39256B31FD0037B57A /* Sources */,
				33CA9E3A256B31FD0037B57A /* Frameworks */,
				33CA9E3B256B31FD0037B57A /* Resources */,
			);
			buildRules = (
			);
			dependencies = (
			);
			name = AuditApp;
			productName = AuditApp;
			productReference = 33CA9E3D256B31FD0037B57A /* AuditApp.app */;
			productType = "com.apple.product-type.application";
		};
		33CA9E52256B31FD0037B57A /* AuditAppTests */ = {
			isa = PBXNativeTarget;
			buildConfigurationList = 33CA9E5F256B31FD0037B57A /* Build configuration list for PBXNativeTarget "AuditAppTests" */;
			buildPhases = (
				2A5EA25091910D2A5DEE98B3 /* [CP] Check Pods Manifest.lock */,
				33CA9E4F256B31FD0037B57A /* Sources */,
				33CA9E50256B31FD0037B57A /* Frameworks */,
				33CA9E51256B31FD0037B57A /* Resources */,
			);
			buildRules = (
			);
			dependencies = (
				33CA9E55256B31FD0037B57A /* PBXTargetDependency */,
			);
			name = AuditAppTests;
			productName = AuditAppTests;
			productReference = 33CA9E53256B31FD0037B57A /* AuditAppTests.xctest */;
			productType = "com.apple.product-type.bundle.unit-test";
		};
/* End PBXNativeTarget section */

/* Begin PBXProject section */
		33CA9E35256B31FD0037B57A /* Project object */ = {
			isa = PBXProject;
			attributes = {
				LastSwiftUpdateCheck = 1170;
				LastUpgradeCheck = 1170;
				ORGANIZATIONNAME = Sky;
				TargetAttributes = {
					33CA9E3C256B31FD0037B57A = {
						CreatedOnToolsVersion = 11.7;
					};
					33CA9E52256B31FD0037B57A = {
						CreatedOnToolsVersion = 11.7;
						TestTargetID = 33CA9E3C256B31FD0037B57A;
					};
				};
			};
			buildConfigurationList = 33CA9E38256B31FD0037B57A /* Build configuration list for PBXProject "AuditApp" */;
			compatibilityVersion = "Xcode 9.3";
			developmentRegion = en;
			hasScannedForEncodings = 0;
			knownRegions = (
				en,
				Base,
			);
			mainGroup = 33CA9E34256B31FD0037B57A;
			productRefGroup = 33CA9E3E256B31FD0037B57A /* Products */;
			projectDirPath = "";
			projectRoot = "";
			targets = (
				33CA9E3C256B31FD0037B57A /* AuditApp */,
				33CA9E52256B31FD0037B57A /* AuditAppTests */,
			);
		};
/* End PBXProject section */

/* Begin PBXResourcesBuildPhase section */
		33CA9E3B256B31FD0037B57A /* Resources */ = {
			isa = PBXResourcesBuildPhase;
			buildActionMask = 2147483647;
			files = (
				33CA9E4D256B31FD0037B57A /* LaunchScreen.storyboard in Resources */,
				338670CB256DD3CD00B9F22A /* CustomAuditDetailsView.xib in Resources */,
				33CA9E4A256B31FD0037B57A /* Assets.xcassets in Resources */,
				33CA9E48256B31FD0037B57A /* Main.storyboard in Resources */,
				33784B7A256BFF370089F0FF /* SFProText-Regular.ttf in Resources */,
			);
			runOnlyForDeploymentPostprocessing = 0;
		};
		33CA9E51256B31FD0037B57A /* Resources */ = {
			isa = PBXResourcesBuildPhase;
			buildActionMask = 2147483647;
			files = (
			);
			runOnlyForDeploymentPostprocessing = 0;
		};
/* End PBXResourcesBuildPhase section */

/* Begin PBXShellScriptBuildPhase section */
		2A5EA25091910D2A5DEE98B3 /* [CP] Check Pods Manifest.lock */ = {
			isa = PBXShellScriptBuildPhase;
			buildActionMask = 2147483647;
			files = (
			);
			inputFileListPaths = (
			);
			inputPaths = (
				"${PODS_PODFILE_DIR_PATH}/Podfile.lock",
				"${PODS_ROOT}/Manifest.lock",
			);
			name = "[CP] Check Pods Manifest.lock";
			outputFileListPaths = (
			);
			outputPaths = (
				"$(DERIVED_FILE_DIR)/Pods-AuditAppTests-checkManifestLockResult.txt",
			);
			runOnlyForDeploymentPostprocessing = 0;
			shellPath = /bin/sh;
			shellScript = "diff \"${PODS_PODFILE_DIR_PATH}/Podfile.lock\" \"${PODS_ROOT}/Manifest.lock\" > /dev/null\nif [ $? != 0 ] ; then\n    # print error to STDERR\n    echo \"error: The sandbox is not in sync with the Podfile.lock. Run 'pod install' or update your CocoaPods installation.\" >&2\n    exit 1\nfi\n# This output is used by Xcode 'outputs' to avoid re-running this script phase.\necho \"SUCCESS\" > \"${SCRIPT_OUTPUT_FILE_0}\"\n";
			showEnvVarsInLog = 0;
		};
		7814E420BB8FB5342D965B02 /* [CP] Check Pods Manifest.lock */ = {
			isa = PBXShellScriptBuildPhase;
			buildActionMask = 2147483647;
			files = (
			);
			inputFileListPaths = (
			);
			inputPaths = (
				"${PODS_PODFILE_DIR_PATH}/Podfile.lock",
				"${PODS_ROOT}/Manifest.lock",
			);
			name = "[CP] Check Pods Manifest.lock";
			outputFileListPaths = (
			);
			outputPaths = (
				"$(DERIVED_FILE_DIR)/Pods-AuditApp-checkManifestLockResult.txt",
			);
			runOnlyForDeploymentPostprocessing = 0;
			shellPath = /bin/sh;
			shellScript = "diff \"${PODS_PODFILE_DIR_PATH}/Podfile.lock\" \"${PODS_ROOT}/Manifest.lock\" > /dev/null\nif [ $? != 0 ] ; then\n    # print error to STDERR\n    echo \"error: The sandbox is not in sync with the Podfile.lock. Run 'pod install' or update your CocoaPods installation.\" >&2\n    exit 1\nfi\n# This output is used by Xcode 'outputs' to avoid re-running this script phase.\necho \"SUCCESS\" > \"${SCRIPT_OUTPUT_FILE_0}\"\n";
			showEnvVarsInLog = 0;
		};
/* End PBXShellScriptBuildPhase section */

/* Begin PBXSourcesBuildPhase section */
		33CA9E39256B31FD0037B57A /* Sources */ = {
			isa = PBXSourcesBuildPhase;
			buildActionMask = 2147483647;
			files = (
				338670C5256DD38500B9F22A /* CustomAuditDetailsView.swift in Sources */,
				33784B84256C08860089F0FF /* UIView+Extensions.swift in Sources */,
				338DB98A256E9F7A0031B5AC /* AuditListViewController.swift in Sources */,
				338670D1256DD70D00B9F22A /* BaseCustomView.swift in Sources */,
				33784B88256C45D60089F0FF /* QualityChecklistViewController.swift in Sources */,
				33784B7E256C032E0089F0FF /* ProductDetailsViewController.swift in Sources */,
				33CA9E66256B35B40037B57A /* AuditGuideViewController.swift in Sources */,
				33CA9E6B256B40550037B57A /* UIColor+Extensions.swift in Sources */,
				338DB992256EA6A90031B5AC /* AuditItemTableViewCell.swift in Sources */,
				33CA9E41256B31FD0037B57A /* AppDelegate.swift in Sources */,
				33CA9E43256B31FD0037B57A /* SceneDelegate.swift in Sources */,
				33CA9E68256B3D3C0037B57A /* AuditConstants.swift in Sources */,
				33784B8C256C87270089F0FF /* AuditViewController.swift in Sources */,
			);
			runOnlyForDeploymentPostprocessing = 0;
		};
		33CA9E4F256B31FD0037B57A /* Sources */ = {
			isa = PBXSourcesBuildPhase;
			buildActionMask = 2147483647;
			files = (
				33CA9E58256B31FD0037B57A /* AuditAppTests.swift in Sources */,
			);
			runOnlyForDeploymentPostprocessing = 0;
		};
/* End PBXSourcesBuildPhase section */

/* Begin PBXTargetDependency section */
		33CA9E55256B31FD0037B57A /* PBXTargetDependency */ = {
			isa = PBXTargetDependency;
			target = 33CA9E3C256B31FD0037B57A /* AuditApp */;
			targetProxy = 33CA9E54256B31FD0037B57A /* PBXContainerItemProxy */;
		};
/* End PBXTargetDependency section */

/* Begin PBXVariantGroup section */
		33CA9E46256B31FD0037B57A /* Main.storyboard */ = {
			isa = PBXVariantGroup;
			children = (
				33CA9E47256B31FD0037B57A /* Base */,
			);
			name = Main.storyboard;
			sourceTree = "<group>";
		};
		33CA9E4B256B31FD0037B57A /* LaunchScreen.storyboard */ = {
			isa = PBXVariantGroup;
			children = (
				33CA9E4C256B31FD0037B57A /* Base */,
			);
			name = LaunchScreen.storyboard;
			sourceTree = "<group>";
		};
/* End PBXVariantGroup section */

/* Begin XCBuildConfiguration section */
		33CA9E5A256B31FD0037B57A /* Debug */ = {
			isa = XCBuildConfiguration;
			buildSettings = {
				ALWAYS_SEARCH_USER_PATHS = NO;
				CLANG_ANALYZER_NONNULL = YES;
				CLANG_ANALYZER_NUMBER_OBJECT_CONVERSION = YES_AGGRESSIVE;
				CLANG_CXX_LANGUAGE_STANDARD = "gnu++14";
				CLANG_CXX_LIBRARY = "libc++";
				CLANG_ENABLE_MODULES = YES;
				CLANG_ENABLE_OBJC_ARC = YES;
				CLANG_ENABLE_OBJC_WEAK = YES;
				CLANG_WARN_BLOCK_CAPTURE_AUTORELEASING = YES;
				CLANG_WARN_BOOL_CONVERSION = YES;
				CLANG_WARN_COMMA = YES;
				CLANG_WARN_CONSTANT_CONVERSION = YES;
				CLANG_WARN_DEPRECATED_OBJC_IMPLEMENTATIONS = YES;
				CLANG_WARN_DIRECT_OBJC_ISA_USAGE = YES_ERROR;
				CLANG_WARN_DOCUMENTATION_COMMENTS = YES;
				CLANG_WARN_EMPTY_BODY = YES;
				CLANG_WARN_ENUM_CONVERSION = YES;
				CLANG_WARN_INFINITE_RECURSION = YES;
				CLANG_WARN_INT_CONVERSION = YES;
				CLANG_WARN_NON_LITERAL_NULL_CONVERSION = YES;
				CLANG_WARN_OBJC_IMPLICIT_RETAIN_SELF = YES;
				CLANG_WARN_OBJC_LITERAL_CONVERSION = YES;
				CLANG_WARN_OBJC_ROOT_CLASS = YES_ERROR;
				CLANG_WARN_RANGE_LOOP_ANALYSIS = YES;
				CLANG_WARN_STRICT_PROTOTYPES = YES;
				CLANG_WARN_SUSPICIOUS_MOVE = YES;
				CLANG_WARN_UNGUARDED_AVAILABILITY = YES_AGGRESSIVE;
				CLANG_WARN_UNREACHABLE_CODE = YES;
				CLANG_WARN__DUPLICATE_METHOD_MATCH = YES;
				COPY_PHASE_STRIP = NO;
				DEBUG_INFORMATION_FORMAT = dwarf;
				ENABLE_STRICT_OBJC_MSGSEND = YES;
				ENABLE_TESTABILITY = YES;
				GCC_C_LANGUAGE_STANDARD = gnu11;
				GCC_DYNAMIC_NO_PIC = NO;
				GCC_NO_COMMON_BLOCKS = YES;
				GCC_OPTIMIZATION_LEVEL = 0;
				GCC_PREPROCESSOR_DEFINITIONS = (
					"DEBUG=1",
					"$(inherited)",
				);
				GCC_WARN_64_TO_32_BIT_CONVERSION = YES;
				GCC_WARN_ABOUT_RETURN_TYPE = YES_ERROR;
				GCC_WARN_UNDECLARED_SELECTOR = YES;
				GCC_WARN_UNINITIALIZED_AUTOS = YES_AGGRESSIVE;
				GCC_WARN_UNUSED_FUNCTION = YES;
				GCC_WARN_UNUSED_VARIABLE = YES;
				IPHONEOS_DEPLOYMENT_TARGET = 13.7;
				MTL_ENABLE_DEBUG_INFO = INCLUDE_SOURCE;
				MTL_FAST_MATH = YES;
				ONLY_ACTIVE_ARCH = YES;
				SDKROOT = iphoneos;
				SWIFT_ACTIVE_COMPILATION_CONDITIONS = DEBUG;
				SWIFT_OPTIMIZATION_LEVEL = "-Onone";
			};
			name = Debug;
		};
		33CA9E5B256B31FD0037B57A /* Release */ = {
			isa = XCBuildConfiguration;
			buildSettings = {
				ALWAYS_SEARCH_USER_PATHS = NO;
				CLANG_ANALYZER_NONNULL = YES;
				CLANG_ANALYZER_NUMBER_OBJECT_CONVERSION = YES_AGGRESSIVE;
				CLANG_CXX_LANGUAGE_STANDARD = "gnu++14";
				CLANG_CXX_LIBRARY = "libc++";
				CLANG_ENABLE_MODULES = YES;
				CLANG_ENABLE_OBJC_ARC = YES;
				CLANG_ENABLE_OBJC_WEAK = YES;
				CLANG_WARN_BLOCK_CAPTURE_AUTORELEASING = YES;
				CLANG_WARN_BOOL_CONVERSION = YES;
				CLANG_WARN_COMMA = YES;
				CLANG_WARN_CONSTANT_CONVERSION = YES;
				CLANG_WARN_DEPRECATED_OBJC_IMPLEMENTATIONS = YES;
				CLANG_WARN_DIRECT_OBJC_ISA_USAGE = YES_ERROR;
				CLANG_WARN_DOCUMENTATION_COMMENTS = YES;
				CLANG_WARN_EMPTY_BODY = YES;
				CLANG_WARN_ENUM_CONVERSION = YES;
				CLANG_WARN_INFINITE_RECURSION = YES;
				CLANG_WARN_INT_CONVERSION = YES;
				CLANG_WARN_NON_LITERAL_NULL_CONVERSION = YES;
				CLANG_WARN_OBJC_IMPLICIT_RETAIN_SELF = YES;
				CLANG_WARN_OBJC_LITERAL_CONVERSION = YES;
				CLANG_WARN_OBJC_ROOT_CLASS = YES_ERROR;
				CLANG_WARN_RANGE_LOOP_ANALYSIS = YES;
				CLANG_WARN_STRICT_PROTOTYPES = YES;
				CLANG_WARN_SUSPICIOUS_MOVE = YES;
				CLANG_WARN_UNGUARDED_AVAILABILITY = YES_AGGRESSIVE;
				CLANG_WARN_UNREACHABLE_CODE = YES;
				CLANG_WARN__DUPLICATE_METHOD_MATCH = YES;
				COPY_PHASE_STRIP = NO;
				DEBUG_INFORMATION_FORMAT = "dwarf-with-dsym";
				ENABLE_NS_ASSERTIONS = NO;
				ENABLE_STRICT_OBJC_MSGSEND = YES;
				GCC_C_LANGUAGE_STANDARD = gnu11;
				GCC_NO_COMMON_BLOCKS = YES;
				GCC_WARN_64_TO_32_BIT_CONVERSION = YES;
				GCC_WARN_ABOUT_RETURN_TYPE = YES_ERROR;
				GCC_WARN_UNDECLARED_SELECTOR = YES;
				GCC_WARN_UNINITIALIZED_AUTOS = YES_AGGRESSIVE;
				GCC_WARN_UNUSED_FUNCTION = YES;
				GCC_WARN_UNUSED_VARIABLE = YES;
				IPHONEOS_DEPLOYMENT_TARGET = 13.7;
				MTL_ENABLE_DEBUG_INFO = NO;
				MTL_FAST_MATH = YES;
				SDKROOT = iphoneos;
				SWIFT_COMPILATION_MODE = wholemodule;
				SWIFT_OPTIMIZATION_LEVEL = "-O";
				VALIDATE_PRODUCT = YES;
			};
			name = Release;
		};
		33CA9E5D256B31FD0037B57A /* Debug */ = {
			isa = XCBuildConfiguration;
			baseConfigurationReference = B50519D7FC9C32A3DAD5B156 /* Pods-AuditApp.debug.xcconfig */;
			buildSettings = {
				ASSETCATALOG_COMPILER_APPICON_NAME = AppIcon;
				CODE_SIGN_STYLE = Automatic;
				DEVELOPMENT_TEAM = ML5C6ZYMKV;
				INFOPLIST_FILE = AuditApp/Apps/Info.plist;
				LD_RUNPATH_SEARCH_PATHS = (
					"$(inherited)",
					"@executable_path/Frameworks",
				);
				PRODUCT_BUNDLE_IDENTIFIER = com.AuditApp;
				PRODUCT_NAME = "$(TARGET_NAME)";
				SWIFT_VERSION = 5.0;
				TARGETED_DEVICE_FAMILY = "1,2";
			};
			name = Debug;
		};
		33CA9E5E256B31FD0037B57A /* Release */ = {
			isa = XCBuildConfiguration;
			baseConfigurationReference = D9B38AFCFB64EC9333304829 /* Pods-AuditApp.release.xcconfig */;
			buildSettings = {
				ASSETCATALOG_COMPILER_APPICON_NAME = AppIcon;
				CODE_SIGN_STYLE = Automatic;
				DEVELOPMENT_TEAM = ML5C6ZYMKV;
				INFOPLIST_FILE = AuditApp/Apps/Info.plist;
				LD_RUNPATH_SEARCH_PATHS = (
					"$(inherited)",
					"@executable_path/Frameworks",
				);
				PRODUCT_BUNDLE_IDENTIFIER = com.AuditApp;
				PRODUCT_NAME = "$(TARGET_NAME)";
				SWIFT_VERSION = 5.0;
				TARGETED_DEVICE_FAMILY = "1,2";
			};
			name = Release;
		};
		33CA9E60256B31FD0037B57A /* Debug */ = {
			isa = XCBuildConfiguration;
			baseConfigurationReference = 835819B8D3B58E69FD8B1FC1 /* Pods-AuditAppTests.debug.xcconfig */;
			buildSettings = {
				ALWAYS_EMBED_SWIFT_STANDARD_LIBRARIES = YES;
				BUNDLE_LOADER = "$(TEST_HOST)";
				CODE_SIGN_STYLE = Automatic;
				DEVELOPMENT_TEAM = ML5C6ZYMKV;
				INFOPLIST_FILE = AuditAppTests/Info.plist;
				IPHONEOS_DEPLOYMENT_TARGET = 13.7;
				LD_RUNPATH_SEARCH_PATHS = (
					"$(inherited)",
					"@executable_path/Frameworks",
					"@loader_path/Frameworks",
				);
				PRODUCT_BUNDLE_IDENTIFIER = com.AuditAppTests;
				PRODUCT_NAME = "$(TARGET_NAME)";
				SWIFT_VERSION = 5.0;
				TARGETED_DEVICE_FAMILY = "1,2";
				TEST_HOST = "$(BUILT_PRODUCTS_DIR)/AuditApp.app/AuditApp";
			};
			name = Debug;
		};
		33CA9E61256B31FD0037B57A /* Release */ = {
			isa = XCBuildConfiguration;
			baseConfigurationReference = 69D2D07506758877F2DA7AD7 /* Pods-AuditAppTests.release.xcconfig */;
			buildSettings = {
				ALWAYS_EMBED_SWIFT_STANDARD_LIBRARIES = YES;
				BUNDLE_LOADER = "$(TEST_HOST)";
				CODE_SIGN_STYLE = Automatic;
				DEVELOPMENT_TEAM = ML5C6ZYMKV;
				INFOPLIST_FILE = AuditAppTests/Info.plist;
				IPHONEOS_DEPLOYMENT_TARGET = 13.7;
				LD_RUNPATH_SEARCH_PATHS = (
					"$(inherited)",
					"@executable_path/Frameworks",
					"@loader_path/Frameworks",
				);
				PRODUCT_BUNDLE_IDENTIFIER = com.AuditAppTests;
				PRODUCT_NAME = "$(TARGET_NAME)";
				SWIFT_VERSION = 5.0;
				TARGETED_DEVICE_FAMILY = "1,2";
				TEST_HOST = "$(BUILT_PRODUCTS_DIR)/AuditApp.app/AuditApp";
			};
			name = Release;
		};
/* End XCBuildConfiguration section */

/* Begin XCConfigurationList section */
		33CA9E38256B31FD0037B57A /* Build configuration list for PBXProject "AuditApp" */ = {
			isa = XCConfigurationList;
			buildConfigurations = (
				33CA9E5A256B31FD0037B57A /* Debug */,
				33CA9E5B256B31FD0037B57A /* Release */,
			);
			defaultConfigurationIsVisible = 0;
			defaultConfigurationName = Release;
		};
		33CA9E5C256B31FD0037B57A /* Build configuration list for PBXNativeTarget "AuditApp" */ = {
			isa = XCConfigurationList;
			buildConfigurations = (
				33CA9E5D256B31FD0037B57A /* Debug */,
				33CA9E5E256B31FD0037B57A /* Release */,
			);
			defaultConfigurationIsVisible = 0;
			defaultConfigurationName = Release;
		};
		33CA9E5F256B31FD0037B57A /* Build configuration list for PBXNativeTarget "AuditAppTests" */ = {
			isa = XCConfigurationList;
			buildConfigurations = (
				33CA9E60256B31FD0037B57A /* Debug */,
				33CA9E61256B31FD0037B57A /* Release */,
			);
			defaultConfigurationIsVisible = 0;
			defaultConfigurationName = Release;
		};
/* End XCConfigurationList section */
	};
	rootObject = 33CA9E35256B31FD0037B57A /* Project object */;
}
